
Microsoft Visual Studio Solution File, Format Version 12.00
# Visual Studio Version 17
VisualStudioVersion = 17.12.35527.113 d17.12
MinimumVisualStudioVersion = 10.0.40219.1
Project("{FAE04EC0-301F-11D3-BF4B-00C04F79EFBC}") = "Web API", "Web API\Web API.csproj", "{98F192D9-B10F-4F7E-8E44-5B1FCD058044}"
EndProject
Project("{FAE04EC0-301F-11D3-BF4B-00C04F79EFBC}") = "Web API Consumer", "Web API Consumer\Web API Consumer.csproj", "{2336A380-E100-416D-88B0-520FCA29121E}"
EndProject
Global
	GlobalSection(SolutionConfigurationPlatforms) = preSolution
		Debug|Any CPU = Debug|Any CPU
		Release|Any CPU = Release|Any CPU
	EndGlobalSection
	GlobalSection(ProjectConfigurationPlatforms) = postSolution
		{98F192D9-B10F-4F7E-8E44-5B1FCD058044}.Debug|Any CPU.ActiveCfg = Debug|Any CPU
		{98F192D9-B10F-4F7E-8E44-5B1FCD058044}.Debug|Any CPU.Build.0 = Debug|Any CPU
		{98F192D9-B10F-4F7E-8E44-5B1FCD058044}.Release|Any CPU.ActiveCfg = Release|Any CPU
		{98F192D9-B10F-4F7E-8E44-5B1FCD058044}.Release|Any CPU.Build.0 = Release|Any CPU
		{2336A380-E100-416D-88B0-520FCA29121E}.Debug|Any CPU.ActiveCfg = Debug|Any CPU
		{2336A380-E100-416D-88B0-520FCA29121E}.Debug|Any CPU.Build.0 = Debug|Any CPU
		{2336A380-E100-416D-88B0-520FCA29121E}.Release|Any CPU.ActiveCfg = Release|Any CPU
		{2336A380-E100-416D-88B0-520FCA29121E}.Release|Any CPU.Build.0 = Release|Any CPU
	EndGlobalSection
	GlobalSection(SolutionProperties) = preSolution
		HideSolutionNode = FALSE
	EndGlobalSection
EndGlobal
